{
  "name": "hello-in",
  "version": "1.0.0",
  "lockfileVersion": 3,
  "requires": true,
  "packages": {
    "": {
      "name": "hello-in",
      "version": "1.0.0",
      "license": "BSD-3-Clause",
      "dependencies": {
        "@extism/extism": "^1.0.0-rc7"
      }
    },
    "node_modules/@extism/extism": {
      "version": "1.0.0-rc7",
      "resolved": "https://registry.npmjs.org/@extism/extism/-/extism-1.0.0-rc7.tgz",
      "integrity": "sha512-h72Rsi4eu+UlVKGk4q+w9DtFSY4E5iC8rNJ070oHY4aPSnw4qbQXhJ+EfnaYzO6DcHwb2C6Jw0LV1XZhlrfaog=="
    }
  }
}
